{
  "name": "node_example",
  "version": "0.0.1",
  "lockfileVersion": 2,
  "requires": true,
  "packages": {
    "": {
      "name": "node_example",
      "version": "0.0.1",
      "license": "ISC",
      "dependencies": {
        "wasm_quicksort_example": "^0.0.2"
      }
    },
    "node_modules/wasm_quicksort_example": {
      "version": "0.0.2",
      "resolved": "https://registry.npmjs.org/wasm_quicksort_example/-/wasm_quicksort_example-0.0.2.tgz",
      "integrity": "sha512-zz6UeJ4jkcmPop4O797eV7M1fxGAM+84O9fabj5EyQyB3/B8HNJhmLRfupxBLz0LZt2GCO+/q8UEXG5qgPEDGQ=="
    }
  },
  "dependencies": {
    "wasm_quicksort_example": {
      "version": "0.0.2",
      "resolved": "https://registry.npmjs.org/wasm_quicksort_example/-/wasm_quicksort_example-0.0.2.tgz",
      "integrity": "sha512-zz6UeJ4jkcmPop4O797eV7M1fxGAM+84O9fabj5EyQyB3/B8HNJhmLRfupxBLz0LZt2GCO+/q8UEXG5qgPEDGQ=="
    }
  }
}
